github.com/MicahParks/keyfunc/v2 v2.1.0/go.mod h1:rW42fi+xgLJ2FRRXAfNx9ZA8WpD4OeE/yHVMteCkw9k=
github.com/andybalholm/brotli v1.1.0/go.mod h1:sms7XGricyQI9K10gOSf56VKKWS4oLer58Q+mhRPtnY=
github.com/aws/aws-sdk-go-v2 v1.30.5 h1:mWSRTwQAb0aLE17dSzztCVJWI9+cRMgqebndjwDyK0g=
github.com/aws/aws-sdk-go-v2 v1.30.5/go.mod h1:CT+ZPWXbYrci8chcARI3OmI/qgd+f6WtuLOoaIA8PR0=
github.com/aws/aws-sdk-go-v2/aws/protocol/eventstream v1.6.4 h1:70PVAiL15/aBMh5LThwgXdSQorVr91L127ttckI9QQU=
github.com/aws/aws-sdk-go-v2/aws/protocol/eventstream v1.6.4/go.mod h1:/MQxMqci8tlqDH+pjmoLu1i0tbWCUP1hhyMRuFxpQCw=
github.com/aws/aws-sdk-go-v2/config v1.27.33 h1:Nof9o/MsmH4oa0s2q9a0k7tMz5x/Yj5k06lDODWz3BU=
github.com/aws/aws-sdk-go-v2/config v1.27.33/go.mod h1:kEqdYzRb8dd8Sy2pOdEbExTTF5v7ozEXX0McgPE7xks=
github.com/aws/aws-sdk-go-v2/credentials v1.17.32 h1:7Cxhp/BnT2RcGy4VisJ9miUPecY+lyE9I8JvcZofn9I=
github.com/aws/aws-sdk-go-v2/credentials v1.17.32/go.mod h1:P5/QMF3/DCHbXGEGkdbilXHsyTBX5D3HSwcrSc9p20I=
github.com/aws/aws-sdk-go-v2/feature/ec2/imds v1.16.13 h1:pfQ2sqNpMVK6xz2RbqLEL0GH87JOwSxPV2rzm8Zsb74=
github.com/aws/aws-sdk-go-v2/feature/ec2/imds v1.16.13/go.mod h1:NG7RXPUlqfsCLLFfi0+IpKN4sCB9D9fw/qTaSB+xRoU=
github.com/aws/aws-sdk-go-v2/feature/s3/manager v1.17.18 h1:9DIp7vhmOPmueCDwpXa45bEbLHHTt1kcxChdTJWWxvI=
github.com/aws/aws-sdk-go-v2/feature/s3/manager v1.17.18/go.mod h1:aJv/Fwz8r56ozwYFRC4bzoeL1L17GYQYemfblOBux1M=
github.com/aws/aws-sdk-go-v2/internal/configsources v1.3.17 h1:pI7Bzt0BJtYA0N/JEC6B8fJ4RBrEMi1LBrkMdFYNSnQ=
github.com/aws/aws-sdk-go-v2/internal/configsources v1.3.17/go.mod h1:Dh5zzJYMtxfIjYW+/evjQ8uj2OyR/ve2KROHGHlSFqE=
github.com/aws/aws-sdk-go-v2/internal/endpoints/v2 v2.6.17 h1:Mqr/V5gvrhA2gvgnF42Zh5iMiQNcOYthFYwCyrnuWlc=
github.com/aws/aws-sdk-go-v2/internal/endpoints/v2 v2.6.17/go.mod h1:aLJpZlCmjE+V+KtN1q1uyZkfnUWpQGpbsn89XPKyzfU=
github.com/aws/aws-sdk-go-v2/internal/ini v1.8.1 h1:VaRN3TlFdd6KxX1x3ILT5ynH6HvKgqdiXoTxAF4HQcQ=
github.com/aws/aws-sdk-go-v2/internal/ini v1.8.1/go.mod h1:FbtygfRFze9usAadmnGJNc8KsP346kEe+y2/oyhGAGc=
github.com/aws/aws-sdk-go-v2/internal/v4a v1.3.17 h1:Roo69qTpfu8OlJ2Tb7pAYVuF0CpuUMB0IYWwYP/4DZM=
github.com/aws/aws-sdk-go-v2/internal/v4a v1.3.17/go.mod h1:NcWPxQzGM1USQggaTVwz6VpqMZPX1CvDJLDh6jnOCa4=
github.com/aws/aws-sdk-go-v2/service/internal/accept-encoding v1.11.4 h1:KypMCbLPPHEmf9DgMGw51jMj77VfGPAN2Kv4cfhlfgI=
github.com/aws/aws-sdk-go-v2/service/internal/accept-encoding v1.11.4/go.mod h1:Vz1JQXliGcQktFTN/LN6uGppAIRoLBR2bMvIMP0gOjc=
github.com/aws/aws-sdk-go-v2/service/internal/checksum v1.3.19 h1:FLMkfEiRjhgeDTCjjLoc3URo/TBkgeQbocA78lfkzSI=
github.com/aws/aws-sdk-go-v2/service/internal/checksum v1.3.19/go.mod h1:Vx+GucNSsdhaxs3aZIKfSUjKVGsxN25nX2SRcdhuw08=
github.com/aws/aws-sdk-go-v2/service/internal/presigned-url v1.11.19 h1:rfprUlsdzgl7ZL2KlXiUAoJnI/VxfHCvDFr2QDFj6u4=
github.com/aws/aws-sdk-go-v2/service/internal/presigned-url v1.11.19/go.mod h1:SCWkEdRq8/7EK60NcvvQ6NXKuTcchAD4ROAsC37VEZE=
github.com/aws/aws-sdk-go-v2/service/internal/s3shared v1.17.17 h1:u+EfGmksnJc/x5tq3A+OD7LrMbSSR/5TrKLvkdy/fhY=
github.com/aws/aws-sdk-go-v2/service/internal/s3shared v1.17.17/go.mod h1:VaMx6302JHax2vHJWgRo+5n9zvbacs3bLU/23DNQrTY=
github.com/aws/aws-sdk-go-v2/service/s3 v1.61.2 h1:Kp6PWAlXwP1UvIflkIP6MFZYBNDCa4mFCGtxrpICVOg=
github.com/aws/aws-sdk-go-v2/service/s3 v1.61.2/go.mod h1:5FmD/Dqq57gP+XwaUnd5WFPipAuzrf0HmupX27Gvjvc=
github.com/aws/aws-sdk-go-v2/service/sso v1.22.7 h1:pIaGg+08llrP7Q5aiz9ICWbY8cqhTkyy+0SHvfzQpTc=
github.com/aws/aws-sdk-go-v2/service/sso v1.22.7/go.mod h1:eEygMHnTKH/3kNp9Jr1n3PdejuSNcgwLe1dWgQtO0VQ=
github.com/aws/aws-sdk-go-v2/service/ssooidc v1.26.7 h1:/Cfdu0XV3mONYKaOt1Gr0k1KvQzkzPyiKUdlWJqy+J4=
github.com/aws/aws-sdk-go-v2/service/ssooidc v1.26.7/go.mod h1:bCbAxKDqNvkHxRaIMnyVPXPo+OaPRwvmgzMxbz1VKSA=
github.com/aws/aws-sdk-go-v2/service/sts v1.30.7 h1:NKTa1eqZYw8tiHSRGpP0VtTdub/8KNk8sDkNPFaOKDE=
github.com/aws/aws-sdk-go-v2/service/sts v1.30.7/go.mod h1:NXi1dIAGteSaRLqYgarlhP/Ij0cFT+qmCwiJqWh/U5o=
github.com/aws/smithy-go v1.20.4 h1:2HK1zBdPgRbjFOHlfeQZfpC4r72MOb9bZkiFwggKO+4=
github.com/aws/smithy-go v1.20.4/go.mod h1:irrKGvNn1InZwb2d7fkIRNucdfwR8R+Ts3wxYa/cJHg=
github.com/bytedance/sonic v1.12.2/go.mod h1:B8Gt/XvtZ3Fqj+iSKMypzymZxw/FVwgIGKzMzT9r/rk=
github.com/bytedance/sonic/loader v0.1.1/go.mod h1:ncP89zfokxS5LZrJxl5z0UJcsk4M4yY2JpfqGeCtNLU=
github.com/bytedance/sonic/loader v0.2.0/go.mod h1:ncP89zfokxS5LZrJxl5z0UJcsk4M4yY2JpfqGeCtNLU=
github.com/cloudwego/base64x v0.1.4/go.mod h1:0zlkT4Wn5C6NdauXdJRhSKRlJvmclQ1hhJgA0rcu/8w=
github.com/cloudwego/iasm v0.2.0/go.mod h1:8rXZaNYT2n95jn+zTI1sDr+IgcD2GVs0nlbbQPiEFhY=
github.com/davecgh/go-spew v1.1.0/go.mod h1:J7Y8YcW2NihsgmVo/mv3lAwl/skON4iLHjSsI+c5H38=
github.com/davecgh/go-spew v1.1.1/go.mod h1:J7Y8YcW2NihsgmVo/mv3lAwl/skON4iLHjSsI+c5H38=
github.com/gofiber/contrib/jwt v1.0.10/go.mod h1:1qBENE6sZ6PPT4xIpBzx1VxeyROQO7sj48OlM1I9qdU=
github.com/gofiber/fiber/v2 v2.52.5/go.mod h1:KEOE+cXMhXG0zHc9d8+E38hoX+ZN7bhOtgeF2oT6jrQ=
github.com/golang-jwt/jwt/v5 v5.2.1/go.mod h1:pqrtFR0X4osieyHYxtmOUWsAWrfe1Q5UVIyoH402zdk=
github.com/google/uuid v1.6.0/go.mod h1:TIyPZe4MgqvfeYDBFedMoGGpEw/LqOeaOT+nhxU+yHo=
github.com/jackc/pgpassfile v1.0.0/go.mod h1:CEx0iS5ambNFdcRtxPj5JhEz+xB6uRky5eyVu/W2HEg=
github.com/jackc/pgservicefile v0.0.0-20240606120523-5a60cdf6a761/go.mod h1:5TJZWKEWniPve33vlWYSoGYefn3gLQRzjfDlhSJ9ZKM=
github.com/jackc/pgx/v5 v5.6.0/go.mod h1:DNZ/vlrUnhWCoFGxHAG8U2ljioxukquj7utPDgtQdTw=
github.com/jackc/puddle/v2 v2.2.1/go.mod h1:vriiEXHvEE654aYKXXjOvZM39qJ0q+azkZFrfEOc3H4=
github.com/jinzhu/inflection v1.0.0/go.mod h1:h+uFLlag+Qp1Va5pdKtLDYj+kHp5pxUVkryuEj+Srlc=
github.com/jinzhu/now v1.1.5/go.mod h1:d3SSVoowX0Lcu0IBviAWJpolVfI5UJVZZ7cO71lE/z8=
github.com/joho/godotenv v1.5.1/go.mod h1:f4LDr5Voq0i2e/R5DDNOoa2zzDfwtkZa6DnEwAbqwq4=
github.com/klauspost/compress v1.17.9/go.mod h1:Di0epgTjJY877eYKx5yC51cX2A2Vl2ibi7bDH9ttBbw=
github.com/klauspost/cpuid/v2 v2.0.9/go.mod h1:FInQzS24/EEf25PyTYn52gqo7WaD8xa0213Md/qVLRg=
github.com/klauspost/cpuid/v2 v2.2.8/go.mod h1:Lcz8mBdAVJIBVzewtcLocK12l3Y+JytZYpaMropDUws=
github.com/knz/go-libedit v1.10.1/go.mod h1:MZTVkCWyz0oBc7JOWP3wNAzd002ZbM/5hgShxwh4x8M=
github.com/mattn/go-colorable v0.1.13/go.mod h1:7S9/ev0klgBDR4GtXTXX8a3vIGJpMovkB8vQcUbaXHg=
github.com/mattn/go-isatty v0.0.16/go.mod h1:kYGgaQfpe5nmfYZH+SKPsOc2e4SrIfOl2e/yFXSvRLM=
github.com/mattn/go-isatty v0.0.20/go.mod h1:W+V8PltTTMOvKvAeJH7IuucS94S2C6jfK/D7dTCTo3Y=
github.com/mattn/go-runewidth v0.0.16/go.mod h1:Jdepj2loyihRzMpdS35Xk/zdY8IAYHsh153qUoGf23w=
github.com/pmezard/go-difflib v1.0.0/go.mod h1:iKH77koFhYxTK1pcRnkKkqfTogsbg7gZNVY4sRDYZ/4=
github.com/rivo/uniseg v0.2.0/go.mod h1:J6wj4VEh+S6ZtnVlnTBMWIodfgj8LQOQFoIToxlJtxc=
github.com/rivo/uniseg v0.4.7/go.mod h1:FN3SvrM+Zdj16jyLfmOkMNblXMcoc8DfTHruCPUcx88=
github.com/stretchr/objx v0.1.0/go.mod h1:HFkY916IF+rwdDfMAkV7OtwuqBVzrE8GR6GFx+wExME=
github.com/stretchr/objx v0.4.0/go.mod h1:YvHI0jy2hoMjB+UWwv71VJQ9isScKT/TqJzVSSt89Yw=
github.com/stretchr/objx v0.5.0/go.mod h1:Yh+to48EsGEfYuaHDzXPcE3xhTkx73EhmCGUpEOglKo=
github.com/stretchr/testify v1.3.0/go.mod h1:M5WIy9Dh21IEIfnGCwXGc5bZfKNJtfHm1UVUgZn+9EI=
github.com/stretchr/testify v1.7.0/go.mod h1:6Fq8oRcR53rry900zMqJjRRixrwX3KX962/h/Wwjteg=
github.com/stretchr/testify v1.7.1/go.mod h1:6Fq8oRcR53rry900zMqJjRRixrwX3KX962/h/Wwjteg=
github.com/stretchr/testify v1.8.0/go.mod h1:yNjHg4UonilssWZ8iaSj1OCr/vHnekPRkoO+kdMU+MU=
github.com/stretchr/testify v1.8.1/go.mod h1:w2LPCIKwWwSfY2zedu0+kehJoqGctiVI29o6fzry7u4=
github.com/twitchyliquid64/golang-asm v0.15.1/go.mod h1:a1lVb/DtPvCB8fslRZhAngC2+aY1QWCk3Cedj/Gdt08=
github.com/valyala/bytebufferpool v1.0.0/go.mod h1:6bBcMArwyJ5K/AmCkWv1jt77kVWyCJ6HpOuEn7z0Csc=
github.com/valyala/fasthttp v1.55.0/go.mod h1:NkY9JtkrpPKmgwV3HTaS2HWaJss9RSIsRVfcxxoHiOM=
github.com/valyala/tcplisten v1.0.0/go.mod h1:T0xQ8SeCZGxckz9qRXTfG43PvQ/mcWh7FwZEA7Ioqkc=
golang.org/x/arch v0.9.0/go.mod h1:FEVrYAQjsQXMVJ1nsMoVVXPZg6p2JE2mx8psSWTDQys=
golang.org/x/crypto v0.26.0/go.mod h1:GY7jblb9wI+FOo5y8/S2oY4zWP07AkOJ4+jxCqdqn54=
golang.org/x/sync v0.8.0/go.mod h1:Czt+wKu1gCyEFDUtn0jG5QVvpJ6rzVqr5aXyt9drQfk=
golang.org/x/sys v0.0.0-20220811171246-fbc7d0a398ab/go.mod h1:oPkhp1MJrh7nUepCBck5+mAzfO9JrbApNNgaTdGDITg=
golang.org/x/sys v0.5.0/go.mod h1:oPkhp1MJrh7nUepCBck5+mAzfO9JrbApNNgaTdGDITg=
golang.org/x/sys v0.6.0/go.mod h1:oPkhp1MJrh7nUepCBck5+mAzfO9JrbApNNgaTdGDITg=
golang.org/x/sys v0.24.0/go.mod h1:/VUhepiaJMQUp4+oa/7Zr1D23ma6VTLIYjOOTFZPUcA=
golang.org/x/text v0.17.0/go.mod h1:BuEKDfySbSR4drPmRPG/7iBdf8hvFMuRexcpahXilzY=
gopkg.in/check.v1 v0.0.0-20161208181325-20d25e280405/go.mod h1:Co6ibVJAznAaIkqp8huTwlJQCZ016jof/cbN4VW5Yz0=
gopkg.in/yaml.v3 v3.0.0-20200313102051-9f266ea9e77c/go.mod h1:K4uyk7z7BCEPqu6E+C64Yfv1cQ7kz7rIZviUmN+EgEM=
gopkg.in/yaml.v3 v3.0.1/go.mod h1:K4uyk7z7BCEPqu6E+C64Yfv1cQ7kz7rIZviUmN+EgEM=
gorm.io/driver/postgres v1.5.9/go.mod h1:DX3GReXH+3FPWGrrgffdvCk3DQ1dwDPdmbenSkweRGI=
gorm.io/gorm v1.25.11/go.mod h1:xh7N7RHfYlNc5EmcI/El95gXusucDrQnHXe0+CgWcLQ=
nullprogram.com/x/optparse v1.0.0/go.mod h1:KdyPE+Igbe0jQUrVfMqDMeJQIJZEuyV7pjYmp6pbG50=
